
Microsoft Visual Studio Solution File, Format Version 12.00
# Visual Studio Version 16
VisualStudioVersion = 16.0.31515.178
MinimumVisualStudioVersion = 10.0.40219.1
Project("{9A19103F-16F7-4668-BE54-9A1E7A4F7556}") = "ProyectoEasy", "ProyectoEasy\ProyectoEasy.csproj", "{D01A0741-9547-465E-9895-33601B4D68BC}"
EndProject
Project("{9A19103F-16F7-4668-BE54-9A1E7A4F7556}") = "ProyectoEasy.Aplicacion", "ProyectoEasy.Servicios\ProyectoEasy.Aplicacion.csproj", "{4B2E6993-47AE-4AE9-B5C7-DBCE6AE7D477}"
EndProject
Project("{9A19103F-16F7-4668-BE54-9A1E7A4F7556}") = "TestUnitario", "TestUnitario\TestUnitario.csproj", "{E1EFA729-015F-4B4D-ABA7-998C6C909705}"
EndProject
Project("{FAE04EC0-301F-11D3-BF4B-00C04F79EFBC}") = "ProyectoEasy.Domain", "ProyectoEasy.Domain\ProyectoEasy.Domain.csproj", "{D68BC9D4-722E-4EA7-A6B4-D83C0A4E4206}"
EndProject
Project("{FAE04EC0-301F-11D3-BF4B-00C04F79EFBC}") = "ProyectoEasy.Infraestructura", "ProyectoEasy.Infraestructura\ProyectoEasy.Infraestructura.csproj", "{92AC76C3-2413-4A55-A879-EB47CEB9C4DD}"
EndProject
Global
	GlobalSection(SolutionConfigurationPlatforms) = preSolution
		Debug|Any CPU = Debug|Any CPU
		Release|Any CPU = Release|Any CPU
	EndGlobalSection
	GlobalSection(ProjectConfigurationPlatforms) = postSolution
		{D01A0741-9547-465E-9895-33601B4D68BC}.Debug|Any CPU.ActiveCfg = Debug|Any CPU
		{D01A0741-9547-465E-9895-33601B4D68BC}.Debug|Any CPU.Build.0 = Debug|Any CPU
		{D01A0741-9547-465E-9895-33601B4D68BC}.Release|Any CPU.ActiveCfg = Release|Any CPU
		{D01A0741-9547-465E-9895-33601B4D68BC}.Release|Any CPU.Build.0 = Release|Any CPU
		{4B2E6993-47AE-4AE9-B5C7-DBCE6AE7D477}.Debug|Any CPU.ActiveCfg = Debug|Any CPU
		{4B2E6993-47AE-4AE9-B5C7-DBCE6AE7D477}.Debug|Any CPU.Build.0 = Debug|Any CPU
		{4B2E6993-47AE-4AE9-B5C7-DBCE6AE7D477}.Release|Any CPU.ActiveCfg = Release|Any CPU
		{4B2E6993-47AE-4AE9-B5C7-DBCE6AE7D477}.Release|Any CPU.Build.0 = Release|Any CPU
		{E1EFA729-015F-4B4D-ABA7-998C6C909705}.Debug|Any CPU.ActiveCfg = Debug|Any CPU
		{E1EFA729-015F-4B4D-ABA7-998C6C909705}.Debug|Any CPU.Build.0 = Debug|Any CPU
		{E1EFA729-015F-4B4D-ABA7-998C6C909705}.Release|Any CPU.ActiveCfg = Release|Any CPU
		{E1EFA729-015F-4B4D-ABA7-998C6C909705}.Release|Any CPU.Build.0 = Release|Any CPU
		{D68BC9D4-722E-4EA7-A6B4-D83C0A4E4206}.Debug|Any CPU.ActiveCfg = Debug|Any CPU
		{D68BC9D4-722E-4EA7-A6B4-D83C0A4E4206}.Debug|Any CPU.Build.0 = Debug|Any CPU
		{D68BC9D4-722E-4EA7-A6B4-D83C0A4E4206}.Release|Any CPU.ActiveCfg = Release|Any CPU
		{D68BC9D4-722E-4EA7-A6B4-D83C0A4E4206}.Release|Any CPU.Build.0 = Release|Any CPU
		{92AC76C3-2413-4A55-A879-EB47CEB9C4DD}.Debug|Any CPU.ActiveCfg = Debug|Any CPU
		{92AC76C3-2413-4A55-A879-EB47CEB9C4DD}.Debug|Any CPU.Build.0 = Debug|Any CPU
		{92AC76C3-2413-4A55-A879-EB47CEB9C4DD}.Release|Any CPU.ActiveCfg = Release|Any CPU
		{92AC76C3-2413-4A55-A879-EB47CEB9C4DD}.Release|Any CPU.Build.0 = Release|Any CPU
	EndGlobalSection
	GlobalSection(SolutionProperties) = preSolution
		HideSolutionNode = FALSE
	EndGlobalSection
	GlobalSection(ExtensibilityGlobals) = postSolution
		SolutionGuid = {1F7F4FE7-5188-4AAA-86AD-77773346F53D}
	EndGlobalSection
EndGlobal
